{
  "name": "WebTools",
  "lockfileVersion": 2,
  "requires": true,
  "packages": {
    "": {
      "dependencies": {
        "fili": "^2.0.3",
        "math": "^0.0.3",
        "ml-levenberg-marquardt": "^5.0.0"
      }
    },
    "node_modules/fili": {
      "version": "2.0.3",
      "resolved": "https://registry.npmjs.org/fili/-/fili-2.0.3.tgz",
      "integrity": "sha512-NW/EY++EMP9f4mSpVCjg5PJnAkkxzh170My+R18sh4CSXu3Puxw3Cs4aQmXoUtNg1EonZmvmR5TLcKEJtX5hQg=="
    },
    "node_modules/is-any-array": {
      "version": "2.0.1",
      "resolved": "https://registry.npmjs.org/is-any-array/-/is-any-array-2.0.1.tgz",
      "integrity": "sha512-UtilS7hLRu++wb/WBAw9bNuP1Eg04Ivn1vERJck8zJthEvXCBEBpGR/33u/xLKWEQf95803oalHrVDptcAvFdQ=="
    },
    "node_modules/math": {
      "version": "0.0.3",
      "resolved": "https://registry.npmjs.org/math/-/math-0.0.3.tgz",
      "integrity": "sha512-xyNJxsEwpYBabFmCgwg7TFRljf5oGgV2h1TqP0H9RnykScaSKgoVlBaEz+Gov8NOdxFagoTzRg1aEBfayi8qQQ==",
      "engines": {
        "node": "> 0.0.0"
      }
    }
  },
  "dependencies": {
    "fili": {
      "version": "2.0.3",
      "resolved": "https://registry.npmjs.org/fili/-/fili-2.0.3.tgz",
      "integrity": "sha512-NW/EY++EMP9f4mSpVCjg5PJnAkkxzh170My+R18sh4CSXu3Puxw3Cs4aQmXoUtNg1EonZmvmR5TLcKEJtX5hQg=="
    },
    "is-any-array": {
      "version": "2.0.1",
      "resolved": "https://registry.npmjs.org/is-any-array/-/is-any-array-2.0.1.tgz",
      "integrity": "sha512-UtilS7hLRu++wb/WBAw9bNuP1Eg04Ivn1vERJck8zJthEvXCBEBpGR/33u/xLKWEQf95803oalHrVDptcAvFdQ=="
    },
    "math": {
      "version": "0.0.3",
      "resolved": "https://registry.npmjs.org/math/-/math-0.0.3.tgz",
      "integrity": "sha512-xyNJxsEwpYBabFmCgwg7TFRljf5oGgV2h1TqP0H9RnykScaSKgoVlBaEz+Gov8NOdxFagoTzRg1aEBfayi8qQQ=="
    }
  }
}
